// !$*UTF8*$!
{
	archiveVersion = 1;
	classes = {
	};
	objectVersion = 46;
	objects = {

/* Begin PBXBuildFile section */
		040F176D1F21A6FF00E9067E /* UIImage+Filters.m in Sources */ = {isa = PBXBuildFile; fileRef = 040F176A1F21A6FF00E9067E /* UIImage+Filters.m */; };
		040F176E1F21A6FF00E9067E /* JMFilterContent.m in Sources */ = {isa = PBXBuildFile; fileRef = 040F176C1F21A6FF00E9067E /* JMFilterContent.m */; };
		04B033C21EFA264E00A10D4C /* main.m in Sources */ = {isa = PBXBuildFile; fileRef = 04B033C11EFA264E00A10D4C /* main.m */; };
		04B033C51EFA264E00A10D4C /* AppDelegate.m in Sources */ = {isa = PBXBuildFile; fileRef = 04B033C41EFA264E00A10D4C /* AppDelegate.m */; };
		04B033C81EFA264E00A10D4C /* ViewController.m in Sources */ = {isa = PBXBuildFile; fileRef = 04B033C71EFA264E00A10D4C /* ViewController.m */; };
		04B033CB1EFA264E00A10D4C /* Main.storyboard in Resources */ = {isa = PBXBuildFile; fileRef = 04B033C91EFA264E00A10D4C /* Main.storyboard */; };
		04B033CD1EFA264E00A10D4C /* Assets.xcassets in Resources */ = {isa = PBXBuildFile; fileRef = 04B033CC1EFA264E00A10D4C /* Assets.xcassets */; };
		04B033D01EFA264E00A10D4C /* LaunchScreen.storyboard in Resources */ = {isa = PBXBuildFile; fileRef = 04B033CE1EFA264E00A10D4C /* LaunchScreen.storyboard */; };
		04B033DB1EFA264F00A10D4C /* FilterTests.m in Sources */ = {isa = PBXBuildFile; fileRef = 04B033DA1EFA264F00A10D4C /* FilterTests.m */; };
/* End PBXBuildFile section */

/* Begin PBXContainerItemProxy section */
		04B033D71EFA264F00A10D4C /* PBXContainerItemProxy */ = {
			isa = PBXContainerItemProxy;
			containerPortal = 04B033B51EFA264E00A10D4C /* Project object */;
			proxyType = 1;
			remoteGlobalIDString = 04B033BC1EFA264E00A10D4C;
			remoteInfo = Filter;
		};
/* End PBXContainerItemProxy section */

/* Begin PBXFileReference section */
		040F17691F21A6FF00E9067E /* UIImage+Filters.h */ = {isa = PBXFileReference; fileEncoding = 4; lastKnownFileType = sourcecode.c.h; path = "UIImage+Filters.h"; sourceTree = "<group>"; };
		040F176A1F21A6FF00E9067E /* UIImage+Filters.m */ = {isa = PBXFileReference; fileEncoding = 4; lastKnownFileType = sourcecode.c.objc; path = "UIImage+Filters.m"; sourceTree = "<group>"; };
		040F176B1F21A6FF00E9067E /* JMFilterContent.h */ = {isa = PBXFileReference; fileEncoding = 4; lastKnownFileType = sourcecode.c.h; path = JMFilterContent.h; sourceTree = "<group>"; };
		040F176C1F21A6FF00E9067E /* JMFilterContent.m */ = {isa = PBXFileReference; fileEncoding = 4; lastKnownFileType = sourcecode.c.objc; path = JMFilterContent.m; sourceTree = "<group>"; };
		04B033BD1EFA264E00A10D4C /* Filter.app */ = {isa = PBXFileReference; explicitFileType = wrapper.application; includeInIndex = 0; path = Filter.app; sourceTree = BUILT_PRODUCTS_DIR; };
		04B033C11EFA264E00A10D4C /* main.m */ = {isa = PBXFileReference; lastKnownFileType = sourcecode.c.objc; path = main.m; sourceTree = "<group>"; };
		04B033C31EFA264E00A10D4C /* AppDelegate.h */ = {isa = PBXFileReference; lastKnownFileType = sourcecode.c.h; path = AppDelegate.h; sourceTree = "<group>"; };
		04B033C41EFA264E00A10D4C /* AppDelegate.m */ = {isa = PBXFileReference; lastKnownFileType = sourcecode.c.objc; path = AppDelegate.m; sourceTree = "<group>"; };
		04B033C61EFA264E00A10D4C /* ViewController.h */ = {isa = PBXFileReference; lastKnownFileType = sourcecode.c.h; path = ViewController.h; sourceTree = "<group>"; };
		04B033C71EFA264E00A10D4C /* ViewController.m */ = {isa = PBXFileReference; lastKnownFileType = sourcecode.c.objc; path = ViewController.m; sourceTree = "<group>"; };
		04B033CA1EFA264E00A10D4C /* Base */ = {isa = PBXFileReference; lastKnownFileType = file.storyboard; name = Base; path = Base.lproj/Main.storyboard; sourceTree = "<group>"; };
		04B033CC1EFA264E00A10D4C /* Assets.xcassets */ = {isa = PBXFileReference; lastKnownFileType = folder.assetcatalog; path = Assets.xcassets; sourceTree = "<group>"; };
		04B033CF1EFA264E00A10D4C /* Base */ = {isa = PBXFileReference; lastKnownFileType = file.storyboard; name = Base; path = Base.lproj/LaunchScreen.storyboard; sourceTree = "<group>"; };
		04B033D11EFA264E00A10D4C /* Info.plist */ = {isa = PBXFileReference; lastKnownFileType = text.plist.xml; path = Info.plist; sourceTree = "<group>"; };
		04B033D61EFA264F00A10D4C /* FilterTests.xctest */ = {isa = PBXFileReference; explicitFileType = wrapper.cfbundle; includeInIndex = 0; path = FilterTests.xctest; sourceTree = BUILT_PRODUCTS_DIR; };
		04B033DA1EFA264F00A10D4C /* FilterTests.m */ = {isa = PBXFileReference; lastKnownFileType = sourcecode.c.objc; path = FilterTests.m; sourceTree = "<group>"; };
		04B033DC1EFA264F00A10D4C /* Info.plist */ = {isa = PBXFileReference; lastKnownFileType = text.plist.xml; path = Info.plist; sourceTree = "<group>"; };
/* End PBXFileReference section */

/* Begin PBXFrameworksBuildPhase section */
		04B033BA1EFA264E00A10D4C /* Frameworks */ = {
			isa = PBXFrameworksBuildPhase;
			buildActionMask = 2147483647;
			files = (
			);
			runOnlyForDeploymentPostprocessing = 0;
		};
		04B033D31EFA264F00A10D4C /* Frameworks */ = {
			isa = PBXFrameworksBuildPhase;
			buildActionMask = 2147483647;
			files = (
			);
			runOnlyForDeploymentPostprocessing = 0;
		};
/* End PBXFrameworksBuildPhase section */

/* Begin PBXGroup section */
		04B033B41EFA264E00A10D4C = {
			isa = PBXGroup;
			children = (
				04B033BF1EFA264E00A10D4C /* Filter */,
				04B033D91EFA264F00A10D4C /* FilterTests */,
				04B033BE1EFA264E00A10D4C /* Products */,
			);
			sourceTree = "<group>";
		};
		04B033BE1EFA264E00A10D4C /* Products */ = {
			isa = PBXGroup;
			children = (
				04B033BD1EFA264E00A10D4C /* Filter.app */,
				04B033D61EFA264F00A10D4C /* FilterTests.xctest */,
			);
			name = Products;
			sourceTree = "<group>";
		};
		04B033BF1EFA264E00A10D4C /* Filter */ = {
			isa = PBXGroup;
			children = (
				04B033C31EFA264E00A10D4C /* AppDelegate.h */,
				04B033C41EFA264E00A10D4C /* AppDelegate.m */,
				04B033C61EFA264E00A10D4C /* ViewController.h */,
				04B033C71EFA264E00A10D4C /* ViewController.m */,
				040F17691F21A6FF00E9067E /* UIImage+Filters.h */,
				040F176A1F21A6FF00E9067E /* UIImage+Filters.m */,
				040F176B1F21A6FF00E9067E /* JMFilterContent.h */,
				040F176C1F21A6FF00E9067E /* JMFilterContent.m */,
				04B033C91EFA264E00A10D4C /* Main.storyboard */,
				04B033CC1EFA264E00A10D4C /* Assets.xcassets */,
				04B033CE1EFA264E00A10D4C /* LaunchScreen.storyboard */,
				04B033D11EFA264E00A10D4C /* Info.plist */,
				04B033C01EFA264E00A10D4C /* Supporting Files */,
			);
			path = Filter;
			sourceTree = "<group>";
		};
		04B033C01EFA264E00A10D4C /* Supporting Files */ = {
			isa = PBXGroup;
			children = (
				04B033C11EFA264E00A10D4C /* main.m */,
			);
			name = "Supporting Files";
			sourceTree = "<group>";
		};
		04B033D91EFA264F00A10D4C /* FilterTests */ = {
			isa = PBXGroup;
			children = (
				04B033DA1EFA264F00A10D4C /* FilterTests.m */,
				04B033DC1EFA264F00A10D4C /* Info.plist */,
			);
			path = FilterTests;
			sourceTree = "<group>";
		};
/* End PBXGroup section */

/* Begin PBXNativeTarget section */
		04B033BC1EFA264E00A10D4C /* Filter */ = {
			isa = PBXNativeTarget;
			buildConfigurationList = 04B033DF1EFA264F00A10D4C /* Build configuration list for PBXNativeTarget "Filter" */;
			buildPhases = (
				04B033B91EFA264E00A10D4C /* Sources */,
				04B033BA1EFA264E00A10D4C /* Frameworks */,
				04B033BB1EFA264E00A10D4C /* Resources */,
			);
			buildRules = (
			);
			dependencies = (
			);
			name = Filter;
			productName = Filter;
			productReference = 04B033BD1EFA264E00A10D4C /* Filter.app */;
			productType = "com.apple.product-type.application";
		};
		04B033D51EFA264F00A10D4C /* FilterTests */ = {
			isa = PBXNativeTarget;
			buildConfigurationList = 04B033E21EFA264F00A10D4C /* Build configuration list for PBXNativeTarget "FilterTests" */;
			buildPhases = (
				04B033D21EFA264F00A10D4C /* Sources */,
				04B033D31EFA264F00A10D4C /* Frameworks */,
				04B033D41EFA264F00A10D4C /* Resources */,
			);
			buildRules = (
			);
			dependencies = (
				04B033D81EFA264F00A10D4C /* PBXTargetDependency */,
			);
			name = FilterTests;
			productName = FilterTests;
			productReference = 04B033D61EFA264F00A10D4C /* FilterTests.xctest */;
			productType = "com.apple.product-type.bundle.unit-test";
		};
/* End PBXNativeTarget section */

/* Begin PBXProject section */
		04B033B51EFA264E00A10D4C /* Project object */ = {
			isa = PBXProject;
			attributes = {
				LastUpgradeCheck = 0830;
				ORGANIZATIONNAME = "奕甲智能 Oneplus Smartware";
				TargetAttributes = {
					04B033BC1EFA264E00A10D4C = {
						CreatedOnToolsVersion = 8.3;
						DevelopmentTeam = 5ATA948SQL;
						ProvisioningStyle = Automatic;
					};
					04B033D51EFA264F00A10D4C = {
						CreatedOnToolsVersion = 8.3;
						DevelopmentTeam = 5ATA948SQL;
						ProvisioningStyle = Automatic;
						TestTargetID = 04B033BC1EFA264E00A10D4C;
					};
				};
			};
			buildConfigurationList = 04B033B81EFA264E00A10D4C /* Build configuration list for PBXProject "Filter" */;
			compatibilityVersion = "Xcode 3.2";
			developmentRegion = English;
			hasScannedForEncodings = 0;
			knownRegions = (
				en,
				Base,
			);
			mainGroup = 04B033B41EFA264E00A10D4C;
			productRefGroup = 04B033BE1EFA264E00A10D4C /* Products */;
			projectDirPath = "";
			projectRoot = "";
			targets = (
				04B033BC1EFA264E00A10D4C /* Filter */,
				04B033D51EFA264F00A10D4C /* FilterTests */,
			);
		};
/* End PBXProject section */

/* Begin PBXResourcesBuildPhase section */
		04B033BB1EFA264E00A10D4C /* Resources */ = {
			isa = PBXResourcesBuildPhase;
			buildActionMask = 2147483647;
			files = (
				04B033D01EFA264E00A10D4C /* LaunchScreen.storyboard in Resources */,
				04B033CD1EFA264E00A10D4C /* Assets.xcassets in Resources */,
				04B033CB1EFA264E00A10D4C /* Main.storyboard in Resources */,
			);
			runOnlyForDeploymentPostprocessing = 0;
		};
		04B033D41EFA264F00A10D4C /* Resources */ = {
			isa = PBXResourcesBuildPhase;
			buildActionMask = 2147483647;
			files = (
			);
			runOnlyForDeploymentPostprocessing = 0;
		};
/* End PBXResourcesBuildPhase section */

/* Begin PBXSourcesBuildPhase section */
		04B033B91EFA264E00A10D4C /* Sources */ = {
			isa = PBXSourcesBuildPhase;
			buildActionMask = 2147483647;
			files = (
				04B033C81EFA264E00A10D4C /* ViewController.m in Sources */,
				040F176D1F21A6FF00E9067E /* UIImage+Filters.m in Sources */,
				040F176E1F21A6FF00E9067E /* JMFilterContent.m in Sources */,
				04B033C51EFA264E00A10D4C /* AppDelegate.m in Sources */,
				04B033C21EFA264E00A10D4C /* main.m in Sources */,
			);
			runOnlyForDeploymentPostprocessing = 0;
		};
		04B033D21EFA264F00A10D4C /* Sources */ = {
			isa = PBXSourcesBuildPhase;
			buildActionMask = 2147483647;
			files = (
				04B033DB1EFA264F00A10D4C /* FilterTests.m in Sources */,
			);
			runOnlyForDeploymentPostprocessing = 0;
		};
/* End PBXSourcesBuildPhase section */

/* Begin PBXTargetDependency section */
		04B033D81EFA264F00A10D4C /* PBXTargetDependency */ = {
			isa = PBXTargetDependency;
			target = 04B033BC1EFA264E00A10D4C /* Filter */;
			targetProxy = 04B033D71EFA264F00A10D4C /* PBXContainerItemProxy */;
		};
/* End PBXTargetDependency section */

/* Begin PBXVariantGroup section */
		04B033C91EFA264E00A10D4C /* Main.storyboard */ = {
			isa = PBXVariantGroup;
			children = (
				04B033CA1EFA264E00A10D4C /* Base */,
			);
			name = Main.storyboard;
			sourceTree = "<group>";
		};
		04B033CE1EFA264E00A10D4C /* LaunchScreen.storyboard */ = {
			isa = PBXVariantGroup;
			children = (
				04B033CF1EFA264E00A10D4C /* Base */,
			);
			name = LaunchScreen.storyboard;
			sourceTree = "<group>";
		};
/* End PBXVariantGroup section */

/* Begin XCBuildConfiguration section */
		04B033DD1EFA264F00A10D4C /* Debug */ = {
			isa = XCBuildConfiguration;
			buildSettings = {
				ALWAYS_SEARCH_USER_PATHS = NO;
				CLANG_ANALYZER_NONNULL = YES;
				CLANG_ANALYZER_NUMBER_OBJECT_CONVERSION = YES_AGGRESSIVE;
				CLANG_CXX_LANGUAGE_STANDARD = "gnu++0x";
				CLANG_CXX_LIBRARY = "libc++";
				CLANG_ENABLE_MODULES = YES;
				CLANG_ENABLE_OBJC_ARC = YES;
				CLANG_WARN_BOOL_CONVERSION = YES;
				CLANG_WARN_CONSTANT_CONVERSION = YES;
				CLANG_WARN_DIRECT_OBJC_ISA_USAGE = YES_ERROR;
				CLANG_WARN_DOCUMENTATION_COMMENTS = YES;
				CLANG_WARN_EMPTY_BODY = YES;
				CLANG_WARN_ENUM_CONVERSION = YES;
				CLANG_WARN_INFINITE_RECURSION = YES;
				CLANG_WARN_INT_CONVERSION = YES;
				CLANG_WARN_OBJC_ROOT_CLASS = YES_ERROR;
				CLANG_WARN_SUSPICIOUS_MOVE = YES;
				CLANG_WARN_UNREACHABLE_CODE = YES;
				CLANG_WARN__DUPLICATE_METHOD_MATCH = YES;
				"CODE_SIGN_IDENTITY[sdk=iphoneos*]" = "iPhone Developer";
				COPY_PHASE_STRIP = NO;
				DEBUG_INFORMATION_FORMAT = dwarf;
				ENABLE_STRICT_OBJC_MSGSEND = YES;
				ENABLE_TESTABILITY = YES;
				GCC_C_LANGUAGE_STANDARD = gnu99;
				GCC_DYNAMIC_NO_PIC = NO;
				GCC_NO_COMMON_BLOCKS = YES;
				GCC_OPTIMIZATION_LEVEL = 0;
				GCC_PREPROCESSOR_DEFINITIONS = (
					"DEBUG=1",
					"$(inherited)",
				);
				GCC_WARN_64_TO_32_BIT_CONVERSION = YES;
				GCC_WARN_ABOUT_RETURN_TYPE = YES_ERROR;
				GCC_WARN_UNDECLARED_SELECTOR = YES;
				GCC_WARN_UNINITIALIZED_AUTOS = YES_AGGRESSIVE;
				GCC_WARN_UNUSED_FUNCTION = YES;
				GCC_WARN_UNUSED_VARIABLE = YES;
				IPHONEOS_DEPLOYMENT_TARGET = 10.3;
				MTL_ENABLE_DEBUG_INFO = YES;
				ONLY_ACTIVE_ARCH = YES;
				SDKROOT = iphoneos;
				TARGETED_DEVICE_FAMILY = "1,2";
			};
			name = Debug;
		};
		04B033DE1EFA264F00A10D4C /* Release */ = {
			isa = XCBuildConfiguration;
			buildSettings = {
				ALWAYS_SEARCH_USER_PATHS = NO;
				CLANG_ANALYZER_NONNULL = YES;
				CLANG_ANALYZER_NUMBER_OBJECT_CONVERSION = YES_AGGRESSIVE;
				CLANG_CXX_LANGUAGE_STANDARD = "gnu++0x";
				CLANG_CXX_LIBRARY = "libc++";
				CLANG_ENABLE_MODULES = YES;
				CLANG_ENABLE_OBJC_ARC = YES;
				CLANG_WARN_BOOL_CONVERSION = YES;
				CLANG_WARN_CONSTANT_CONVERSION = YES;
				CLANG_WARN_DIRECT_OBJC_ISA_USAGE = YES_ERROR;
				CLANG_WARN_DOCUMENTATION_COMMENTS = YES;
				CLANG_WARN_EMPTY_BODY = YES;
				CLANG_WARN_ENUM_CONVERSION = YES;
				CLANG_WARN_INFINITE_RECURSION = YES;
				CLANG_WARN_INT_CONVERSION = YES;
				CLANG_WARN_OBJC_ROOT_CLASS = YES_ERROR;
				CLANG_WARN_SUSPICIOUS_MOVE = YES;
				CLANG_WARN_UNREACHABLE_CODE = YES;
				CLANG_WARN__DUPLICATE_METHOD_MATCH = YES;
				"CODE_SIGN_IDENTITY[sdk=iphoneos*]" = "iPhone Developer";
				COPY_PHASE_STRIP = NO;
				DEBUG_INFORMATION_FORMAT = "dwarf-with-dsym";
				ENABLE_NS_ASSERTIONS = NO;
				ENABLE_STRICT_OBJC_MSGSEND = YES;
				GCC_C_LANGUAGE_STANDARD = gnu99;
				GCC_NO_COMMON_BLOCKS = YES;
				GCC_WARN_64_TO_32_BIT_CONVERSION = YES;
				GCC_WARN_ABOUT_RETURN_TYPE = YES_ERROR;
				GCC_WARN_UNDECLARED_SELECTOR = YES;
				GCC_WARN_UNINITIALIZED_AUTOS = YES_AGGRESSIVE;
				GCC_WARN_UNUSED_FUNCTION = YES;
				GCC_WARN_UNUSED_VARIABLE = YES;
				IPHONEOS_DEPLOYMENT_TARGET = 10.3;
				MTL_ENABLE_DEBUG_INFO = NO;
				SDKROOT = iphoneos;
				TARGETED_DEVICE_FAMILY = "1,2";
				VALIDATE_PRODUCT = YES;
			};
			name = Release;
		};
		04B033E01EFA264F00A10D4C /* Debug */ = {
			isa = XCBuildConfiguration;
			buildSettings = {
				ASSETCATALOG_COMPILER_APPICON_NAME = AppIcon;
				DEVELOPMENT_TEAM = 5ATA948SQL;
				INFOPLIST_FILE = Filter/Info.plist;
				LD_RUNPATH_SEARCH_PATHS = "$(inherited) @executable_path/Frameworks";
				PRODUCT_BUNDLE_IDENTIFIER = com.JunMing.Filter;
				PRODUCT_NAME = "$(TARGET_NAME)";
			};
			name = Debug;
		};
		04B033E11EFA264F00A10D4C /* Release */ = {
			isa = XCBuildConfiguration;
			buildSettings = {
				ASSETCATALOG_COMPILER_APPICON_NAME = AppIcon;
				DEVELOPMENT_TEAM = 5ATA948SQL;
				INFOPLIST_FILE = Filter/Info.plist;
				LD_RUNPATH_SEARCH_PATHS = "$(inherited) @executable_path/Frameworks";
				PRODUCT_BUNDLE_IDENTIFIER = com.JunMing.Filter;
				PRODUCT_NAME = "$(TARGET_NAME)";
			};
			name = Release;
		};
		04B033E31EFA264F00A10D4C /* Debug */ = {
			isa = XCBuildConfiguration;
			buildSettings = {
				BUNDLE_LOADER = "$(TEST_HOST)";
				DEVELOPMENT_TEAM = 5ATA948SQL;
				INFOPLIST_FILE = FilterTests/Info.plist;
				LD_RUNPATH_SEARCH_PATHS = "$(inherited) @executable_path/Frameworks @loader_path/Frameworks";
				PRODUCT_BUNDLE_IDENTIFIER = com.JunMing.FilterTests;
				PRODUCT_NAME = "$(TARGET_NAME)";
				TEST_HOST = "$(BUILT_PRODUCTS_DIR)/Filter.app/Filter";
			};
			name = Debug;
		};
		04B033E41EFA264F00A10D4C /* Release */ = {
			isa = XCBuildConfiguration;
			buildSettings = {
				BUNDLE_LOADER = "$(TEST_HOST)";
				DEVELOPMENT_TEAM = 5ATA948SQL;
				INFOPLIST_FILE = FilterTests/Info.plist;
				LD_RUNPATH_SEARCH_PATHS = "$(inherited) @executable_path/Frameworks @loader_path/Frameworks";
				PRODUCT_BUNDLE_IDENTIFIER = com.JunMing.FilterTests;
				PRODUCT_NAME = "$(TARGET_NAME)";
				TEST_HOST = "$(BUILT_PRODUCTS_DIR)/Filter.app/Filter";
			};
			name = Release;
		};
/* End XCBuildConfiguration section */

/* Begin XCConfigurationList section */
		04B033B81EFA264E00A10D4C /* Build configuration list for PBXProject "Filter" */ = {
			isa = XCConfigurationList;
			buildConfigurations = (
				04B033DD1EFA264F00A10D4C /* Debug */,
				04B033DE1EFA264F00A10D4C /* Release */,
			);
			defaultConfigurationIsVisible = 0;
			defaultConfigurationName = Release;
		};
		04B033DF1EFA264F00A10D4C /* Build configuration list for PBXNativeTarget "Filter" */ = {
			isa = XCConfigurationList;
			buildConfigurations = (
				04B033E01EFA264F00A10D4C /* Debug */,
				04B033E11EFA264F00A10D4C /* Release */,
			);
			defaultConfigurationIsVisible = 0;
			defaultConfigurationName = Release;
		};
		04B033E21EFA264F00A10D4C /* Build configuration list for PBXNativeTarget "FilterTests" */ = {
			isa = XCConfigurationList;
			buildConfigurations = (
				04B033E31EFA264F00A10D4C /* Debug */,
				04B033E41EFA264F00A10D4C /* Release */,
			);
			defaultConfigurationIsVisible = 0;
			defaultConfigurationName = Release;
		};
/* End XCConfigurationList section */
	};
	rootObject = 04B033B51EFA264E00A10D4C /* Project object */;
}
